
Microsoft Visual Studio Solution File, Format Version 12.00
# Visual Studio 15
VisualStudioVersion = 15.0.28307.489
MinimumVisualStudioVersion = 10.0.40219.1
Project("{8BC9CEB8-8B4A-11D0-8D11-00A0C91BC942}") = "snakeGL", "snakeGL\snakeGL.vcxproj", "{4038233F-3D97-4313-9D32-35827CA079EE}"
EndProject
Project("{54435603-DBB4-11D2-8724-00A0C9A8B90C}") = "WeHaveToExterminateAllSnooks", "WeHaveToExterminateAllSnooks\WeHaveToExterminateAllSnooks.vdproj", "{1A908E16-9BA3-42F2-968B-116CA05055AD}"
EndProject
Global
	GlobalSection(SolutionConfigurationPlatforms) = preSolution
		Debug|x64 = Debug|x64
		Debug|x86 = Debug|x86
		Release|x64 = Release|x64
		Release|x86 = Release|x86
	EndGlobalSection
	GlobalSection(ProjectConfigurationPlatforms) = postSolution
		{4038233F-3D97-4313-9D32-35827CA079EE}.Debug|x64.ActiveCfg = Debug|x64
		{4038233F-3D97-4313-9D32-35827CA079EE}.Debug|x64.Build.0 = Debug|x64
		{4038233F-3D97-4313-9D32-35827CA079EE}.Debug|x86.ActiveCfg = Debug|Win32
		{4038233F-3D97-4313-9D32-35827CA079EE}.Debug|x86.Build.0 = Debug|Win32
		{4038233F-3D97-4313-9D32-35827CA079EE}.Release|x64.ActiveCfg = Release|x64
		{4038233F-3D97-4313-9D32-35827CA079EE}.Release|x64.Build.0 = Release|x64
		{4038233F-3D97-4313-9D32-35827CA079EE}.Release|x86.ActiveCfg = Release|Win32
		{4038233F-3D97-4313-9D32-35827CA079EE}.Release|x86.Build.0 = Release|Win32
		{1A908E16-9BA3-42F2-968B-116CA05055AD}.Debug|x64.ActiveCfg = Debug
		{1A908E16-9BA3-42F2-968B-116CA05055AD}.Debug|x86.ActiveCfg = Debug
		{1A908E16-9BA3-42F2-968B-116CA05055AD}.Release|x64.ActiveCfg = Release
		{1A908E16-9BA3-42F2-968B-116CA05055AD}.Release|x86.ActiveCfg = Release
	EndGlobalSection
	GlobalSection(SolutionProperties) = preSolution
		HideSolutionNode = FALSE
	EndGlobalSection
	GlobalSection(ExtensibilityGlobals) = postSolution
		SolutionGuid = {1BED0814-A06F-4A13-B5BA-1E5D261F0CE8}
	EndGlobalSection
EndGlobal
